<?xml version="1.0" encoding="UTF-8" standalone="yes" ?>
<CodeBlocks_project_file>
	<FileVersion major="1" minor="6" />
	<Project>
		<Option title="liblapin" />
		<Option pch_mode="2" />
		<Option compiler="gcc" />
		<Build>
			<Target title="Release">
				<Option output="lapin" prefix_auto="1" extension_auto="1" />
				<Option working_dir="" />
				<Option object_output="obj/" />
				<Option type="2" />
				<Option compiler="gcc" />
				<Compiler>
					<Add option="-O2" />
				</Compiler>
				<Linker>
					<Add option="-s" />
				</Linker>
			</Target>
		</Build>
		<Compiler>
			<Add option="-Wextra" />
			<Add option="-Wall" />
			<Add option="-g" />
			<Add directory="include" />
			<Add directory="lib" />
			<Add directory="include/dep" />
		</Compiler>
		<Unit filename="adv/clear.cpp" />
		<Unit filename="adv/delete_shader.cpp" />
		<Unit filename="adv/draw.cpp" />
		<Unit filename="adv/enable_full_blit.cpp" />
		<Unit filename="adv/field_get_value.cpp" />
		<Unit filename="adv/field_name.cpp" />
		<Unit filename="adv/field_set_value.cpp" />
		<Unit filename="adv/fill.cpp" />
		<Unit filename="adv/first_field.cpp" />
		<Unit filename="adv/first_scope.cpp" />
		<Unit filename="adv/get_context.cpp" />
		<Unit filename="adv/get_joy_axis.cpp" />
		<Unit filename="adv/get_joy_button.cpp" />
		<Unit filename="adv/get_joy_info.cpp" />
		<Unit filename="adv/get_node.cpp" />
		<Unit filename="adv/get_scope.cpp" />
		<Unit filename="adv/get_screen_size.cpp" />
		<Unit filename="adv/get_window.cpp" />
		<Unit filename="adv/is_shader_available.cpp" />
		<Unit filename="adv/load_picture.cpp" />
		<Unit filename="adv/load_pixelarray.cpp" />
		<Unit filename="adv/load_shader.cpp" />
		<Unit filename="adv/loop_mw.cpp" />
		<Unit filename="adv/move_window.cpp" />
		<Unit filename="adv/new_picture.cpp" />
		<Unit filename="adv/new_shader.cpp" />
		<Unit filename="adv/next_field.cpp" />
		<Unit filename="adv/next_scope.cpp" />
		<Unit filename="adv/request_focus.cpp" />
		<Unit filename="adv/resize_window.cpp" />
		<Unit filename="adv/save_pixelarray.cpp" />
		<Unit filename="adv/scope_get_field.cpp" />
		<Unit filename="adv/scope_name.cpp" />
		<Unit filename="adv/scope_set_field.cpp" />
		<Unit filename="adv/self_test.cpp" />
		<Unit filename="adv/set_circle.cpp" />
		<Unit filename="adv/set_close_response.cpp" />
		<Unit filename="adv/set_context.cpp" />
		<Unit filename="adv/set_display_function.cpp" />
		<Unit filename="adv/set_geometry.cpp" />
		<Unit filename="adv/set_get_focus_response.cpp" />
		<Unit filename="adv/set_joy_axis_response.cpp" />
		<Unit filename="adv/set_joy_button_response.cpp" />
		<Unit filename="adv/set_joy_connect_response.cpp" />
		<Unit filename="adv/set_key_repeat.cpp" />
		<Unit filename="adv/set_line.cpp" />
		<Unit filename="adv/set_lost_focus_response.cpp" />
		<Unit filename="adv/set_mouse_position.cpp" />
		<Unit filename="adv/set_mouse_visibility.cpp" />
		<Unit filename="adv/set_pixel.cpp" />
		<Unit filename="adv/set_polygon.cpp" />
		<Unit filename="adv/set_resize_response.cpp" />
		<Unit filename="adv/set_text_response.cpp" />
		<Unit filename="adv/set_wheel_response.cpp" />
		<Unit filename="adv/shader_set_variable.cpp" />
		<Unit filename="adv/vectfont.cpp" />
		<Unit filename="bas/blit.cpp" />
		<Unit filename="bas/calloc.cpp" />
		<Unit filename="bas/compute_effect.cpp" />
		<Unit filename="bas/delete_clipable.cpp" />
		<Unit filename="bas/delete_ini.cpp" />
		<Unit filename="bas/delete_sound.cpp" />
		<Unit filename="bas/display.cpp" />
		<Unit filename="bas/free.cpp" />
		<Unit filename="bas/get_cursor.cpp" />
		<Unit filename="bas/get_error.cpp" />
		<Unit filename="bas/get_field.cpp" />
		<Unit filename="bas/get_keyboard.cpp" />
		<Unit filename="bas/get_mouse_button.cpp" />
		<Unit filename="bas/get_mouse_position.cpp" />
		<Unit filename="bas/globals.cpp" />
		<Unit filename="bas/load_effect.cpp" />
		<Unit filename="bas/load_ini.cpp" />
		<Unit filename="bas/load_music.cpp" />
		<Unit filename="bas/loop.cpp" />
		<Unit filename="bas/malloc.cpp" />
		<Unit filename="bas/new_effect.cpp" />
		<Unit filename="bas/new_ini.cpp" />
		<Unit filename="bas/new_pixelarray.cpp" />
		<Unit filename="bas/realloc.cpp" />
		<Unit filename="bas/save_ini.cpp" />
		<Unit filename="bas/set_click_response.cpp" />
		<Unit filename="bas/set_field.cpp" />
		<Unit filename="bas/set_key_response.cpp" />
		<Unit filename="bas/set_loop_main_function.cpp" />
		<Unit filename="bas/set_memory_check.cpp" />
		<Unit filename="bas/set_move_response.cpp" />
		<Unit filename="bas/sound_attenuation.cpp" />
		<Unit filename="bas/sound_loop.cpp" />
		<Unit filename="bas/sound_pitch.cpp" />
		<Unit filename="bas/sound_play.cpp" />
		<Unit filename="bas/sound_position.cpp" />
		<Unit filename="bas/sound_stop.cpp" />
		<Unit filename="bas/sound_volume.cpp" />
		<Unit filename="bas/start.cpp" />
		<Unit filename="bas/stop.cpp" />
		<Unit filename="dep/abs/ANetAccess.cpp" />
		<Unit filename="dep/abs/NetUnix.cpp" />
		<Unit filename="dep/brd/Bit.cpp" />
		<Unit filename="dep/brd/Close.cpp" />
		<Unit filename="dep/brd/GetAnalog.cpp" />
		<Unit filename="dep/brd/GetDigital.cpp" />
		<Unit filename="dep/brd/InBitEdit_FromSystemToUser.cpp" />
		<Unit filename="dep/brd/Open.cpp" />
		<Unit filename="dep/brd/PVM110N.cpp" />
		<Unit filename="dep/brd/ReadInputs.cpp" />
		<Unit filename="dep/brd/ReceiveCommand.cpp" />
		<Unit filename="dep/brd/SendCommand.cpp" />
		<Unit filename="dep/brd/SendReset.cpp" />
		<Unit filename="dep/brd/SetAnalog.cpp" />
		<Unit filename="dep/brd/SetDigital.cpp" />
		<Unit filename="dep/brd/TakeOverDevice.cpp" />
		<Unit filename="dep/brd/UsbDevice.cpp" />
		<Unit filename="dep/brd/WriteOutputs.cpp" />
		<Unit filename="dep/clt/CheckFullPacket.cpp" />
		<Unit filename="dep/clt/Client.cpp" />
		<Unit filename="dep/clt/Disconnected.cpp" />
		<Unit filename="dep/clt/InitFdSet.cpp" />
		<Unit filename="dep/clt/Operator.cpp" />
		<Unit filename="dep/clt/ReadOnNetwork.cpp" />
		<Unit filename="dep/clt/Write.cpp" />
		<Unit filename="dep/clt/WriteOnNetwork.cpp" />
		<Unit filename="dep/cmt/Communicator.cpp" />
		<Unit filename="dep/cmt/Comparator.cpp" />
		<Unit filename="dep/cmt/Error.cpp" />
		<Unit filename="dep/cmt/GetFd.cpp" />
		<Unit filename="dep/cmt/MicroSeconds.cpp" />
		<Unit filename="dep/cmt/Obsolete.cpp" />
		<Unit filename="dep/cmt/PacketMaxSize.cpp" />
		<Unit filename="dep/cmt/RetError.cpp" />
		<Unit filename="dep/cmt/RetExpired.cpp" />
		<Unit filename="dep/cmt/s_WriteRequest.cpp" />
		<Unit filename="dep/ini/Access.cpp" />
		<Unit filename="dep/ini/Clear.cpp" />
		<Unit filename="dep/ini/GetData.cpp" />
		<Unit filename="dep/ini/Ini.cpp" />
		<Unit filename="dep/ini/Load.cpp" />
		<Unit filename="dep/ini/Read.cpp" />
		<Unit filename="dep/ini/Save.cpp" />
		<Unit filename="dep/srv/AnyFullPacket.cpp" />
		<Unit filename="dep/srv/CheckFullPacket.cpp" />
		<Unit filename="dep/srv/Disconnected.cpp" />
		<Unit filename="dep/srv/DoomClient.cpp" />
		<Unit filename="dep/srv/FindMaxFd.cpp" />
		<Unit filename="dep/srv/GetIP.cpp" />
		<Unit filename="dep/srv/InitFdSet.cpp" />
		<Unit filename="dep/srv/KillClient.cpp" />
		<Unit filename="dep/srv/NewClient.cpp" />
		<Unit filename="dep/srv/NewConnexion.cpp" />
		<Unit filename="dep/srv/Operator.cpp" />
		<Unit filename="dep/srv/ReadOnNetwork.cpp" />
		<Unit filename="dep/srv/Server.cpp" />
		<Unit filename="dep/srv/Write.cpp" />
		<Unit filename="dep/srv/WriteOnNetwork.cpp" />
		<Unit filename="dep/srv/s_Client.cpp" />
		<Unit filename="dep/thr/Add.cpp" />
		<Unit filename="dep/thr/AddThread.cpp" />
		<Unit filename="dep/thr/EvaluateTheLoad.cpp" />
		<Unit filename="dep/thr/GetAwaitingThreads.cpp" />
		<Unit filename="dep/thr/GetHowManyTasks.cpp" />
		<Unit filename="dep/thr/GetHowManyThreads.cpp" />
		<Unit filename="dep/thr/GetHowManyWorkers.cpp" />
		<Unit filename="dep/thr/GetMessage.cpp" />
		<Unit filename="dep/thr/IsWorking.cpp" />
		<Unit filename="dep/thr/JumpToLoop.cpp" />
		<Unit filename="dep/thr/Loop.cpp" />
		<Unit filename="dep/thr/RemoveThread.cpp" />
		<Unit filename="dep/thr/SetMessage.cpp" />
		<Unit filename="dep/thr/Workers.cpp" />
		<Unit filename="dep/tol/BuildCharacter.cpp" />
		<Unit filename="dep/tol/BuildString.cpp" />
		<Unit filename="dep/tol/CaseConvert.cpp" />
		<Unit filename="dep/tol/CheckChar.cpp" />
		<Unit filename="dep/tol/CheckCharCase.cpp" />
		<Unit filename="dep/tol/CheckText.cpp" />
		<Unit filename="dep/tol/CheckTextCase.cpp" />
		<Unit filename="dep/tol/Endian.cpp" />
		<Unit filename="dep/tol/FindEndOfCommand.cpp" />
		<Unit filename="dep/tol/FindNextCommand.cpp" />
		<Unit filename="dep/tol/Global.cpp" />
		<Unit filename="dep/tol/ReadChar.cpp" />
		<Unit filename="dep/tol/ReadCharCase.cpp" />
		<Unit filename="dep/tol/ReadChararacter.cpp" />
		<Unit filename="dep/tol/ReadDabsicAddress.cpp" />
		<Unit filename="dep/tol/ReadFieldName.cpp" />
		<Unit filename="dep/tol/ReadInsideChar.cpp" />
		<Unit filename="dep/tol/ReadInsideString.cpp" />
		<Unit filename="dep/tol/ReadSeparator.cpp" />
		<Unit filename="dep/tol/ReadString.cpp" />
		<Unit filename="dep/tol/ReadText.cpp" />
		<Unit filename="dep/tol/ReadTextCase.cpp" />
		<Unit filename="dep/tol/ReadTextCaseStop.cpp" />
		<Unit filename="dep/tol/ReadUntil.cpp" />
		<Unit filename="dep/tol/ReadUntilCase.cpp" />
		<Unit filename="dep/tol/ReadUntilIgnoreString.cpp" />
		<Unit filename="dep/tol/ReadUntilIgnoreStringCase.cpp" />
		<Unit filename="dep/tol/ReadUntilTextIgnoreString.cpp" />
		<Unit filename="dep/tol/ReadUntilTextIgnoreStringCase.cpp" />
		<Unit filename="dep/tol/ReadWhitespace.cpp" />
		<Unit filename="dep/tol/RemoveCommentaries.cpp" />
		<Unit filename="dep/tol/Where.cpp" />
		<Unit filename="ext/client_poll.cpp" />
		<Unit filename="ext/client_write.cpp" />
		<Unit filename="ext/delete_client.cpp" />
		<Unit filename="ext/delete_hardware.cpp" />
		<Unit filename="ext/delete_server.cpp" />
		<Unit filename="ext/delete_threadpool.cpp" />
		<Unit filename="ext/hardware_read.cpp" />
		<Unit filename="ext/hardware_write.cpp" />
		<Unit filename="ext/new_client.cpp" />
		<Unit filename="ext/new_hardware.cpp" />
		<Unit filename="ext/new_server.cpp" />
		<Unit filename="ext/new_threadpool.cpp" />
		<Unit filename="ext/server_doom_client.cpp" />
		<Unit filename="ext/server_packet_ready.cpp" />
		<Unit filename="ext/server_poll.cpp" />
		<Unit filename="ext/server_write.cpp" />
		<Unit filename="ext/thread_foreach.cpp" />
		<Unit filename="ext/thread_wait_completion.cpp" />
		<Extensions>
			<code_completion />
			<envvars />
			<debugger />
			<lib_finder disable_auto="1" />
		</Extensions>
	</Project>
</CodeBlocks_project_file>
