<?xml version="1.0" encoding="UTF-8" standalone="yes" ?>
<CodeBlocks_project_file>
	<FileVersion major="1" minor="6" />
	<Project>
		<Option title="liblapin" />
		<Option pch_mode="2" />
		<Option compiler="gcc" />
		<Build>
			<Target title="Release">
				<Option output="lapin" prefix_auto="1" extension_auto="1" />
				<Option working_dir="" />
				<Option object_output="obj/" />
				<Option type="2" />
				<Option compiler="gcc" />
				<Compiler>
					<Add option="-O2" />
				</Compiler>
				<Linker>
					<Add option="-s" />
				</Linker>
			</Target>
		</Build>
		<Compiler>
			<Add option="-O2" />
			<Add option="-Wextra" />
			<Add option="-Wall" />
			<Add option="-std=c++11" />
			<Add directory="C:/root/include" />
			<Add directory="include" />
			<Add directory="include/deps" />
		</Compiler>
		<Linker>
			<Add option="-W1,-Bstatic" />
			<Add library="C:/root/lib/libusb.lib" />
			<Add library="C:/root/lib/libFLAC.a" />
			<Add library="C:/root/lib/libfreetype.a" />
			<Add library="C:/root/lib/libjpeg.a" />
			<Add library="C:/root/lib/libogg.a" />
			<Add library="C:/root/lib/libopenal32.a" />
			<Add library="C:/root/lib/libsfml-audio.a" />
			<Add library="C:/root/lib/libsfml-audio-d.a" />
			<Add library="C:/root/lib/libsfml-audio-s.a" />
			<Add library="C:/root/lib/libsfml-audio-s-d.a" />
			<Add library="C:/root/lib/libsfml-graphics.a" />
			<Add library="C:/root/lib/libsfml-graphics-d.a" />
			<Add library="C:/root/lib/libsfml-graphics-s.a" />
			<Add library="C:/root/lib/libsfml-graphics-s-d.a" />
			<Add library="C:/root/lib/libsfml-main.a" />
			<Add library="C:/root/lib/libsfml-main-d.a" />
			<Add library="C:/root/lib/libsfml-network.a" />
			<Add library="C:/root/lib/libsfml-network-d.a" />
			<Add library="C:/root/lib/libsfml-network-s.a" />
			<Add library="C:/root/lib/libsfml-network-s-d.a" />
			<Add library="C:/root/lib/libsfml-system.a" />
			<Add library="C:/root/lib/libsfml-system-d.a" />
			<Add library="C:/root/lib/libsfml-system-s.a" />
			<Add library="C:/root/lib/libsfml-system-s-d.a" />
			<Add library="C:/root/lib/libsfml-window.a" />
			<Add library="C:/root/lib/libsfml-window-d.a" />
			<Add library="C:/root/lib/libsfml-window-s.a" />
			<Add library="C:/root/lib/libsfml-window-s-d.a" />
			<Add library="C:/root/lib/libvorbis.a" />
			<Add library="C:/root/lib/libvorbisenc.a" />
			<Add library="C:/root/lib/libvorbisfile.a" />
			<Add directory="C:/root/lib" />
			<Add directory="C:/root/bin" />
		</Linker>
		<Unit filename="src/allocator/calloc.cpp" />
		<Unit filename="src/allocator/free.cpp" />
		<Unit filename="src/allocator/get_node.cpp" />
		<Unit filename="src/allocator/malloc.cpp" />
		<Unit filename="src/allocator/realloc.cpp" />
		<Unit filename="src/allocator/set_memory_check.cpp" />
		<Unit filename="src/asynclock/asynclock.cpp" />
		<Unit filename="src/asynclock/delete_trap.cpp" />
		<Unit filename="src/asynclock/delta_time.cpp" />
		<Unit filename="src/asynclock/get_current_time.cpp" />
		<Unit filename="src/asynclock/get_time.cpp" />
		<Unit filename="src/asynclock/new_trap.cpp" />
		<Unit filename="src/asynclock/reset_clock.cpp" />
		<Unit filename="src/camera/capture.cpp" />
		<Unit filename="src/camera/capture_get_size.cpp" />
		<Unit filename="src/camera/capture_new_picture.cpp" />
		<Unit filename="src/camera/capture_new_pixelarray.cpp" />
		<Unit filename="src/camera/capture_to_picture.cpp" />
		<Unit filename="src/camera/capture_to_pixelarray.cpp" />
		<Unit filename="src/camera/delete_camera.cpp" />
		<Unit filename="src/camera/delete_capture.cpp" />
		<Unit filename="src/camera/headtrack.cpp" />
		<Unit filename="src/camera/new_camera.cpp" />
		<Unit filename="src/camera/new_capture.cpp" />
		<Unit filename="src/camera/stabilize.cpp" />
		<Unit filename="src/collide/circle.cpp" />
		<Unit filename="src/collide/clip.cpp" />
		<Unit filename="src/collide/collision.cpp" />
		<Unit filename="src/collide/draw_collision_shape.cpp" />
		<Unit filename="src/collide/quad.cpp" />
		<Unit filename="src/collide/rectangular.cpp" />
		<Unit filename="src/collide/sub/circle_circle.cpp" />
		<Unit filename="src/collide/sub/circle_dot.cpp" />
		<Unit filename="src/collide/sub/dot_dot.cpp" />
		<Unit filename="src/collide/sub/equation_circle.cpp" />
		<Unit filename="src/collide/sub/equation_dot.cpp" />
		<Unit filename="src/collide/sub/equation_equation.cpp" />
		<Unit filename="src/collide/sub/equation_line.cpp" />
		<Unit filename="src/collide/sub/equation_quad.cpp" />
		<Unit filename="src/collide/sub/equation_rectangle.cpp" />
		<Unit filename="src/collide/sub/equation_triangle.cpp" />
		<Unit filename="src/collide/sub/get_point_on_circle.cpp" />
		<Unit filename="src/collide/sub/line_circle.cpp" />
		<Unit filename="src/collide/sub/line_dot.cpp" />
		<Unit filename="src/collide/sub/line_line.cpp" />
		<Unit filename="src/collide/sub/quad_circle.cpp" />
		<Unit filename="src/collide/sub/quad_dot.cpp" />
		<Unit filename="src/collide/sub/quad_line.cpp" />
		<Unit filename="src/collide/sub/quad_quad.cpp" />
		<Unit filename="src/collide/sub/quad_rectangle.cpp" />
		<Unit filename="src/collide/sub/quad_triangle.cpp" />
		<Unit filename="src/collide/sub/rectangle_circle.cpp" />
		<Unit filename="src/collide/sub/rectangle_dot.cpp" />
		<Unit filename="src/collide/sub/rectangle_line.cpp" />
		<Unit filename="src/collide/sub/rectangle_rectangle.cpp" />
		<Unit filename="src/collide/sub/rectangle_triangle.cpp" />
		<Unit filename="src/collide/sub/triangle_circle.cpp" />
		<Unit filename="src/collide/sub/triangle_dot.cpp" />
		<Unit filename="src/collide/sub/triangle_line.cpp" />
		<Unit filename="src/collide/sub/triangle_triangle.cpp" />
		<Unit filename="src/collide/triangle.cpp" />
		<Unit filename="src/configuration/archive/count_field.cpp" />
		<Unit filename="src/configuration/archive/delete_ini.cpp" />
		<Unit filename="src/configuration/archive/field_get_value.cpp" />
		<Unit filename="src/configuration/archive/field_name.cpp" />
		<Unit filename="src/configuration/archive/field_set_value.cpp" />
		<Unit filename="src/configuration/archive/first_field.cpp" />
		<Unit filename="src/configuration/archive/first_scope.cpp" />
		<Unit filename="src/configuration/archive/get_error.cpp" />
		<Unit filename="src/configuration/archive/get_field.cpp" />
		<Unit filename="src/configuration/archive/get_scope.cpp" />
		<Unit filename="src/configuration/archive/load_ini.cpp" />
		<Unit filename="src/configuration/archive/new_ini.cpp" />
		<Unit filename="src/configuration/archive/next_field.cpp" />
		<Unit filename="src/configuration/archive/next_scope.cpp" />
		<Unit filename="src/configuration/archive/read_ini.cpp" />
		<Unit filename="src/configuration/archive/save_ini.cpp" />
		<Unit filename="src/configuration/archive/scope_get_field.cpp" />
		<Unit filename="src/configuration/archive/scope_name.cpp" />
		<Unit filename="src/configuration/archive/scope_set_field.cpp" />
		<Unit filename="src/configuration/archive/set_field.cpp" />
		<Unit filename="src/configuration/archive/write_ini.cpp" />
		<Unit filename="src/configuration/clean_raw_data.cpp" />
		<Unit filename="src/configuration/create_mode.cpp" />
		<Unit filename="src/configuration/csv/read.cpp" />
		<Unit filename="src/configuration/csv/write.cpp" />
		<Unit filename="src/configuration/dabsic/function/compute.cpp" />
		<Unit filename="src/configuration/dabsic/function/read_do.cpp" />
		<Unit filename="src/configuration/dabsic/function/read_for.cpp" />
		<Unit filename="src/configuration/dabsic/function/read_function.cpp" />
		<Unit filename="src/configuration/dabsic/function/read_function_line.cpp" />
		<Unit filename="src/configuration/dabsic/function/read_if.cpp" />
		<Unit filename="src/configuration/dabsic/function/read_inside_function.cpp" />
		<Unit filename="src/configuration/dabsic/function/read_instruction.cpp" />
		<Unit filename="src/configuration/dabsic/function/read_print.cpp" />
		<Unit filename="src/configuration/dabsic/function/read_repeat.cpp" />
		<Unit filename="src/configuration/dabsic/function/read_select.cpp" />
		<Unit filename="src/configuration/dabsic/function/read_statement.cpp" />
		<Unit filename="src/configuration/dabsic/function/read_variable_declaration.cpp" />
		<Unit filename="src/configuration/dabsic/function/read_while.cpp" />
		<Unit filename="src/configuration/dabsic/function/read_with.cpp" />
		<Unit filename="src/configuration/dabsic/function/write_function.cpp" />
		<Unit filename="src/configuration/dabsic/read_array.cpp" />
		<Unit filename="src/configuration/dabsic/read_csv.cpp" />
		<Unit filename="src/configuration/dabsic/read_dabsic.cpp" />
		<Unit filename="src/configuration/dabsic/read_field.cpp" />
		<Unit filename="src/configuration/dabsic/read_field_name.cpp" />
		<Unit filename="src/configuration/dabsic/read_field_value.cpp" />
		<Unit filename="src/configuration/dabsic/read_function.cpp" />
		<Unit filename="src/configuration/dabsic/read_inside_array.cpp" />
		<Unit filename="src/configuration/dabsic/read_inside_scope.cpp" />
		<Unit filename="src/configuration/dabsic/read_litterals.cpp" />
		<Unit filename="src/configuration/dabsic/read_scope.cpp" />
		<Unit filename="src/configuration/dabsic/read_separator.cpp" />
		<Unit filename="src/configuration/dabsic/read_sequence.cpp" />
		<Unit filename="src/configuration/dabsic/read_xml.cpp" />
		<Unit filename="src/configuration/dabsic/seq/read_inside_sequence.cpp" />
		<Unit filename="src/configuration/dabsic/seq/read_sequence.cpp" />
		<Unit filename="src/configuration/dabsic/seq/read_sequence_label.cpp" />
		<Unit filename="src/configuration/dabsic/seq/read_sequence_line.cpp" />
		<Unit filename="src/configuration/dabsic/seq/write_sequence.cpp" />
		<Unit filename="src/configuration/dabsic/write_dabsic.cpp" />
		<Unit filename="src/configuration/delete_configuration.cpp" />
		<Unit filename="src/configuration/delete_node.cpp" />
		<Unit filename="src/configuration/execute.cpp" />
		<Unit filename="src/configuration/expr/check_keywords.cpp" />
		<Unit filename="src/configuration/expr/compute.cpp" />
		<Unit filename="src/configuration/expr/compute_assign.cpp" />
		<Unit filename="src/configuration/expr/compute_cast.cpp" />
		<Unit filename="src/configuration/expr/compute_cat.cpp" />
		<Unit filename="src/configuration/expr/compute_function_call.cpp" />
		<Unit filename="src/configuration/expr/compute_high_bin.cpp" />
		<Unit filename="src/configuration/expr/compute_high_logic.cpp" />
		<Unit filename="src/configuration/expr/compute_high_math.cpp" />
		<Unit filename="src/configuration/expr/compute_low_bin.cpp" />
		<Unit filename="src/configuration/expr/compute_low_logic.cpp" />
		<Unit filename="src/configuration/expr/compute_low_math.cpp" />
		<Unit filename="src/configuration/expr/compute_pow.cpp" />
		<Unit filename="src/configuration/expr/compute_shift.cpp" />
		<Unit filename="src/configuration/expr/compute_ternary.cpp" />
		<Unit filename="src/configuration/expr/compute_test.cpp" />
		<Unit filename="src/configuration/expr/get_final_value.cpp" />
		<Unit filename="src/configuration/expr/operator_token.cpp" />
		<Unit filename="src/configuration/expr/precompute.cpp" />
		<Unit filename="src/configuration/expr/read_expression.cpp" />
		<Unit filename="src/configuration/expr/read_function_call.cpp" />
		<Unit filename="src/configuration/expr/read_operand.cpp" />
		<Unit filename="src/configuration/expr/read_operator.cpp" />
		<Unit filename="src/configuration/expr/read_separator.cpp" />
		<Unit filename="src/configuration/expr/test_type.cpp" />
		<Unit filename="src/configuration/expr/write_expression.cpp" />
		<Unit filename="src/configuration/get_address.cpp" />
		<Unit filename="src/configuration/get_case.cpp" />
		<Unit filename="src/configuration/get_child.cpp" />
		<Unit filename="src/configuration/get_good_conf.cpp" />
		<Unit filename="src/configuration/get_name.cpp" />
		<Unit filename="src/configuration/get_nbr_case.cpp" />
		<Unit filename="src/configuration/get_nbr_child.cpp" />
		<Unit filename="src/configuration/get_parent.cpp" />
		<Unit filename="src/configuration/get_root.cpp" />
		<Unit filename="src/configuration/get_value.cpp" />
		<Unit filename="src/configuration/go_get.cpp" />
		<Unit filename="src/configuration/go_set.cpp" />
		<Unit filename="src/configuration/handle_directive.cpp" />
		<Unit filename="src/configuration/ini/read_ini.cpp" />
		<Unit filename="src/configuration/ini/write_ini.cpp" />
		<Unit filename="src/configuration/is_last.cpp" />
		<Unit filename="src/configuration/iterator.cpp" />
		<Unit filename="src/configuration/json/read_array.cpp" />
		<Unit filename="src/configuration/json/read_array_node.cpp" />
		<Unit filename="src/configuration/json/read_field.cpp" />
		<Unit filename="src/configuration/json/read_inside_array.cpp" />
		<Unit filename="src/configuration/json/read_inside_scope.cpp" />
		<Unit filename="src/configuration/json/read_json.cpp" />
		<Unit filename="src/configuration/json/read_scope.cpp" />
		<Unit filename="src/configuration/json/read_separator.cpp" />
		<Unit filename="src/configuration/json/write_json.cpp" />
		<Unit filename="src/configuration/lisp/read.cpp" />
		<Unit filename="src/configuration/lisp/write.cpp" />
		<Unit filename="src/configuration/load_configuration.cpp" />
		<Unit filename="src/configuration/lua/read_array.cpp" />
		<Unit filename="src/configuration/lua/read_array_node.cpp" />
		<Unit filename="src/configuration/lua/read_field.cpp" />
		<Unit filename="src/configuration/lua/read_inside_array.cpp" />
		<Unit filename="src/configuration/lua/read_inside_scope.cpp" />
		<Unit filename="src/configuration/lua/read_lua.cpp" />
		<Unit filename="src/configuration/lua/read_scope.cpp" />
		<Unit filename="src/configuration/lua/read_separator.cpp" />
		<Unit filename="src/configuration/lua/write_lua.cpp" />
		<Unit filename="src/configuration/new_configuration.cpp" />
		<Unit filename="src/configuration/parsing.cpp" />
		<Unit filename="src/configuration/pop_path.cpp" />
		<Unit filename="src/configuration/push_path.cpp" />
		<Unit filename="src/configuration/read_configuration.cpp" />
		<Unit filename="src/configuration/save_configuration.cpp" />
		<Unit filename="src/configuration/set_value.cpp" />
		<Unit filename="src/configuration/shrink_single_element_array.cpp" />
		<Unit filename="src/configuration/smallconf/Access.cpp" />
		<Unit filename="src/configuration/smallconf/Clear.cpp" />
		<Unit filename="src/configuration/smallconf/Double.cpp" />
		<Unit filename="src/configuration/smallconf/Integer.cpp" />
		<Unit filename="src/configuration/smallconf/Operator.cpp" />
		<Unit filename="src/configuration/smallconf/OperatorStream.cpp" />
		<Unit filename="src/configuration/smallconf/OperatorTest.cpp" />
		<Unit filename="src/configuration/smallconf/RecursiveAssign.cpp" />
		<Unit filename="src/configuration/smallconf/RecursiveCheck.cpp" />
		<Unit filename="src/configuration/smallconf/Remove.cpp" />
		<Unit filename="src/configuration/smallconf/SmallConf.cpp" />
		<Unit filename="src/configuration/smallconf/String.cpp" />
		<Unit filename="src/configuration/which_format.cpp" />
		<Unit filename="src/configuration/write_configuration.cpp" />
		<Unit filename="src/configuration/xml/clean_raw_data.cpp" />
		<Unit filename="src/configuration/xml/read_between_markup.cpp" />
		<Unit filename="src/configuration/xml/read_markup.cpp" />
		<Unit filename="src/configuration/xml/read_separator.cpp" />
		<Unit filename="src/configuration/xml/read_xml.cpp" />
		<Unit filename="src/configuration/xml/write_xml.cpp" />
		<Unit filename="src/container/list.cpp" />
		<Unit filename="src/container/map.cpp" />
		<Unit filename="src/container/pool.cpp" />
		<Unit filename="src/container/queue.cpp" />
		<Unit filename="src/container/stack.cpp" />
		<Unit filename="src/container/vector.cpp" />
		<Unit filename="src/context/context.cpp" />
		<Unit filename="src/context/depth.cpp" />
		<Unit filename="src/context/splash_screen.cpp" />
		<Unit filename="src/database/delete_database.cpp" />
		<Unit filename="src/database/new_database.cpp" />
		<Unit filename="src/deps/abs/ANetAccess.cpp" />
		<Unit filename="src/deps/abs/NetUnix.cpp" />
		<Unit filename="src/deps/brd/Bit.cpp" />
		<Unit filename="src/deps/brd/Close.cpp" />
		<Unit filename="src/deps/brd/GetAnalog.cpp" />
		<Unit filename="src/deps/brd/GetDigital.cpp" />
		<Unit filename="src/deps/brd/InBitEdit_FromSystemToUser.cpp" />
		<Unit filename="src/deps/brd/Open.cpp" />
		<Unit filename="src/deps/brd/PVM110N.cpp" />
		<Unit filename="src/deps/brd/ReadInputs.cpp" />
		<Unit filename="src/deps/brd/ReceiveCommand.cpp" />
		<Unit filename="src/deps/brd/SendCommand.cpp" />
		<Unit filename="src/deps/brd/SendReset.cpp" />
		<Unit filename="src/deps/brd/SetAnalog.cpp" />
		<Unit filename="src/deps/brd/SetDigital.cpp" />
		<Unit filename="src/deps/brd/TakeOverDevice.cpp" />
		<Unit filename="src/deps/brd/UsbDevice.cpp" />
		<Unit filename="src/deps/brd/WriteOutputs.cpp" />
		<Unit filename="src/deps/clt/CheckFullPacket.cpp" />
		<Unit filename="src/deps/clt/Client.cpp" />
		<Unit filename="src/deps/clt/Disconnected.cpp" />
		<Unit filename="src/deps/clt/InitFdSet.cpp" />
		<Unit filename="src/deps/clt/Operator.cpp" />
		<Unit filename="src/deps/clt/ReadOnNetwork.cpp" />
		<Unit filename="src/deps/clt/Write.cpp" />
		<Unit filename="src/deps/clt/WriteOnNetwork.cpp" />
		<Unit filename="src/deps/cmt/Communicator.cpp" />
		<Unit filename="src/deps/cmt/Comparator.cpp" />
		<Unit filename="src/deps/cmt/Error.cpp" />
		<Unit filename="src/deps/cmt/GetFd.cpp" />
		<Unit filename="src/deps/cmt/MicroSeconds.cpp" />
		<Unit filename="src/deps/cmt/Obsolete.cpp" />
		<Unit filename="src/deps/cmt/PacketMaxSize.cpp" />
		<Unit filename="src/deps/cmt/RetError.cpp" />
		<Unit filename="src/deps/cmt/RetExpired.cpp" />
		<Unit filename="src/deps/cmt/s_WriteRequest.cpp" />
		<Unit filename="src/deps/srv/AnyFullPacket.cpp" />
		<Unit filename="src/deps/srv/CheckFullPacket.cpp" />
		<Unit filename="src/deps/srv/Disconnected.cpp" />
		<Unit filename="src/deps/srv/DoomClient.cpp" />
		<Unit filename="src/deps/srv/FindMaxFd.cpp" />
		<Unit filename="src/deps/srv/GetIP.cpp" />
		<Unit filename="src/deps/srv/InitFdSet.cpp" />
		<Unit filename="src/deps/srv/KillClient.cpp" />
		<Unit filename="src/deps/srv/NewClient.cpp" />
		<Unit filename="src/deps/srv/NewConnexion.cpp" />
		<Unit filename="src/deps/srv/Operator.cpp" />
		<Unit filename="src/deps/srv/ReadOnNetwork.cpp" />
		<Unit filename="src/deps/srv/Server.cpp" />
		<Unit filename="src/deps/srv/Write.cpp" />
		<Unit filename="src/deps/srv/WriteOnNetwork.cpp" />
		<Unit filename="src/deps/srv/s_Client.cpp" />
		<Unit filename="src/deps/thr/Add.cpp" />
		<Unit filename="src/deps/thr/AddThread.cpp" />
		<Unit filename="src/deps/thr/EvaluateTheLoad.cpp" />
		<Unit filename="src/deps/thr/GetAwaitingThreads.cpp" />
		<Unit filename="src/deps/thr/GetHowManyTasks.cpp" />
		<Unit filename="src/deps/thr/GetHowManyThreads.cpp" />
		<Unit filename="src/deps/thr/GetHowManyWorkers.cpp" />
		<Unit filename="src/deps/thr/GetMessage.cpp" />
		<Unit filename="src/deps/thr/IsWorking.cpp" />
		<Unit filename="src/deps/thr/JumpToLoop.cpp" />
		<Unit filename="src/deps/thr/Loop.cpp" />
		<Unit filename="src/deps/thr/RemoveThread.cpp" />
		<Unit filename="src/deps/thr/SetMessage.cpp" />
		<Unit filename="src/deps/thr/Workers.cpp" />
		<Unit filename="src/draw_tilemap.cpp" />
		<Unit filename="src/error/descriptor.cpp" />
		<Unit filename="src/error/error_descriptor.cpp" />
		<Unit filename="src/error/perror.cpp" />
		<Unit filename="src/error/set_log_filter.cpp" />
		<Unit filename="src/error/set_log_mode.cpp" />
		<Unit filename="src/error/strerror.cpp" />
		<Unit filename="src/events/get_context.cpp" />
		<Unit filename="src/events/get_frequency.cpp" />
		<Unit filename="src/events/get_joy_axis.cpp" />
		<Unit filename="src/events/get_joy_button.cpp" />
		<Unit filename="src/events/get_joy_info.cpp" />
		<Unit filename="src/events/get_keyboard.cpp" />
		<Unit filename="src/events/get_mouse_button.cpp" />
		<Unit filename="src/events/get_mouse_position.cpp" />
		<Unit filename="src/events/get_window.cpp" />
		<Unit filename="src/events/loop.cpp" />
		<Unit filename="src/events/loop_mw.cpp" />
		<Unit filename="src/events/network_event.cpp" />
		<Unit filename="src/events/set_context.cpp" />
		<Unit filename="src/events/set_display_function.cpp" />
		<Unit filename="src/events/set_joy_axis_minimum_offset.cpp" />
		<Unit filename="src/events/set_loop_main_function.cpp" />
		<Unit filename="src/events/set_response.cpp" />
		<Unit filename="src/events/set_to_scheduler.cpp" />
		<Unit filename="src/graphics/blit.cpp" />
		<Unit filename="src/graphics/clear.cpp" />
		<Unit filename="src/graphics/delete_clipable.cpp" />
		<Unit filename="src/graphics/display.cpp" />
		<Unit filename="src/graphics/draw.cpp" />
		<Unit filename="src/graphics/enable_full_blit.cpp" />
		<Unit filename="src/graphics/fill.cpp" />
		<Unit filename="src/graphics/load_picture.cpp" />
		<Unit filename="src/graphics/load_pixelarray.cpp" />
		<Unit filename="src/graphics/make_clipable_unique.cpp" />
		<Unit filename="src/graphics/method.cpp" />
		<Unit filename="src/graphics/new_picture.cpp" />
		<Unit filename="src/graphics/new_pixelarray.cpp" />
		<Unit filename="src/graphics/opengl.cpp" />
		<Unit filename="src/graphics/read_picture.cpp" />
		<Unit filename="src/graphics/read_pixelarray.cpp" />
		<Unit filename="src/graphics/save_pixelarray.cpp" />
		<Unit filename="src/graphics/set_circle.cpp" />
		<Unit filename="src/graphics/set_clipable_attribute.cpp" />
		<Unit filename="src/graphics/set_geometry.cpp" />
		<Unit filename="src/graphics/set_line.cpp" />
		<Unit filename="src/graphics/set_pixel.cpp" />
		<Unit filename="src/graphics/set_polygon.cpp" />
		<Unit filename="src/hardware/delete_hardware.cpp" />
		<Unit filename="src/hardware/hardware_read.cpp" />
		<Unit filename="src/hardware/hardware_write.cpp" />
		<Unit filename="src/hardware/new_hardware.cpp" />
		<Unit filename="src/hash/hash.cpp" />
		<Unit filename="src/hash/wide_hash.cpp" />
		<Unit filename="src/misc/base64.cpp" />
		<Unit filename="src/misc/color.cpp" />
		<Unit filename="src/misc/consistancy.cpp" />
		<Unit filename="src/misc/delete_file.cpp" />
		<Unit filename="src/misc/evaluate.cpp" />
		<Unit filename="src/misc/globals.cpp" />
		<Unit filename="src/misc/levels.cpp" />
		<Unit filename="src/misc/load_file.cpp" />
		<Unit filename="src/misc/make_file_unique.cpp" />
		<Unit filename="src/misc/managed_ressource.cpp" />
		<Unit filename="src/misc/memdup.cpp" />
		<Unit filename="src/misc/save_file.cpp" />
		<Unit filename="src/misc/self_test.cpp" />
		<Unit filename="src/misc/smooth_move.cpp" />
		<Unit filename="src/misc/split.cpp" />
		<Unit filename="src/misc/strcasecmp.cpp" />
		<Unit filename="src/misc/strndup.cpp" />
		<Unit filename="src/misc/strnlen.cpp" />
		<Unit filename="src/misc/swap.cpp" />
		<Unit filename="src/monitor/add.cpp" />
		<Unit filename="src/monitor/display.cpp" />
		<Unit filename="src/monitor/prepare.cpp" />
		<Unit filename="src/monitor/print.cpp" />
		<Unit filename="src/monitor/remove.cpp" />
		<Unit filename="src/network/client_packet_ready.cpp" />
		<Unit filename="src/network/client_poll.cpp" />
		<Unit filename="src/network/client_write.cpp" />
		<Unit filename="src/network/delete_client.cpp" />
		<Unit filename="src/network/delete_server.cpp" />
		<Unit filename="src/network/new_client.cpp" />
		<Unit filename="src/network/new_server.cpp" />
		<Unit filename="src/network/server_doom_client.cpp" />
		<Unit filename="src/network/server_packet_ready.cpp" />
		<Unit filename="src/network/server_poll.cpp" />
		<Unit filename="src/network/server_write.cpp" />
		<Unit filename="src/parsing.cpp" />
		<Unit filename="src/plugin/call.cpp" />
		<Unit filename="src/plugin/callv.cpp" />
		<Unit filename="src/plugin/get_function.cpp" />
		<Unit filename="src/plugin/new_delete.cpp" />
		<Unit filename="src/plugin/real_call.cpp" />
		<Unit filename="src/security/caesar.cpp" />
		<Unit filename="src/security/cipher_data.cpp" />
		<Unit filename="src/security/cipher_file.cpp" />
		<Unit filename="src/security/default_key.cpp" />
		<Unit filename="src/security/delete_key.cpp" />
		<Unit filename="src/security/fill_default_key.cpp" />
		<Unit filename="src/security/get_ciphering.cpp" />
		<Unit filename="src/security/globals.cpp" />
		<Unit filename="src/security/new_key.cpp" />
		<Unit filename="src/security/shaker.cpp" />
		<Unit filename="src/security/switch.cpp" />
		<Unit filename="src/security/uncipher_data.cpp" />
		<Unit filename="src/security/uncipher_file.cpp" />
		<Unit filename="src/security/xor.cpp" />
		<Unit filename="src/shader/delete_shader.cpp" />
		<Unit filename="src/shader/is_shader_available.cpp" />
		<Unit filename="src/shader/load_shader.cpp" />
		<Unit filename="src/shader/new_shader.cpp" />
		<Unit filename="src/shader/normal_map.cpp" />
		<Unit filename="src/shader/read_shader.cpp" />
		<Unit filename="src/shader/screen_tweak.cpp" />
		<Unit filename="src/shader/shader_set_variable.cpp" />
		<Unit filename="src/sound/attenuation.cpp" />
		<Unit filename="src/sound/compute_effect.cpp" />
		<Unit filename="src/sound/delete_sound.cpp" />
		<Unit filename="src/sound/get_cursor.cpp" />
		<Unit filename="src/sound/get_duration.cpp" />
		<Unit filename="src/sound/is_playing.cpp" />
		<Unit filename="src/sound/load_effect.cpp" />
		<Unit filename="src/sound/load_music.cpp" />
		<Unit filename="src/sound/loop.cpp" />
		<Unit filename="src/sound/make_effect_unique.cpp" />
		<Unit filename="src/sound/manager/add.cpp" />
		<Unit filename="src/sound/manager/global.cpp" />
		<Unit filename="src/sound/manager/managed_pitch.cpp" />
		<Unit filename="src/sound/manager/managed_volume.cpp" />
		<Unit filename="src/sound/manager/pitch.cpp" />
		<Unit filename="src/sound/manager/play_music.cpp" />
		<Unit filename="src/sound/manager/play_sound.cpp" />
		<Unit filename="src/sound/manager/remove.cpp" />
		<Unit filename="src/sound/manager/stop_music.cpp" />
		<Unit filename="src/sound/manager/stop_sound.cpp" />
		<Unit filename="src/sound/manager/volume.cpp" />
		<Unit filename="src/sound/new_effect.cpp" />
		<Unit filename="src/sound/pause.cpp" />
		<Unit filename="src/sound/pitch.cpp" />
		<Unit filename="src/sound/play.cpp" />
		<Unit filename="src/sound/position.cpp" />
		<Unit filename="src/sound/read_effect.cpp" />
		<Unit filename="src/sound/save_effect.cpp" />
		<Unit filename="src/sound/set_cursor.cpp" />
		<Unit filename="src/sound/set_sound_attribute.cpp" />
		<Unit filename="src/sound/stop.cpp" />
		<Unit filename="src/sound/volume.cpp" />
		<Unit filename="src/sprite/animate.cpp" />
		<Unit filename="src/sprite/get_animation.cpp" />
		<Unit filename="src/sprite/is_still.cpp" />
		<Unit filename="src/sprite/load_sprite.cpp" />
		<Unit filename="src/sprite/set_animation.cpp" />
		<Unit filename="src/sprite/set_sprite_attribute.cpp" />
		<Unit filename="src/sprite/stop_repeat.cpp" />
		<Unit filename="src/text/draw_text.cpp" />
		<Unit filename="src/text/load_font.cpp" />
		<Unit filename="src/text/load_gfx.cpp" />
		<Unit filename="src/text/load_ttf.cpp" />
		<Unit filename="src/text/vectfont.cpp" />
		<Unit filename="src/threads/delete.cpp" />
		<Unit filename="src/threads/foreach.cpp" />
		<Unit filename="src/threads/new.cpp" />
		<Unit filename="src/threads/push.cpp" />
		<Unit filename="src/threads/wait_completion.cpp" />
		<Unit filename="src/unix/pclose.cpp" />
		<Unit filename="src/unix/popen.cpp" />
		<Unit filename="src/window/get_fullscreen_modes.cpp" />
		<Unit filename="src/window/get_screen_resolution.cpp" />
		<Unit filename="src/window/move_window.cpp" />
		<Unit filename="src/window/request_focus.cpp" />
		<Unit filename="src/window/resize_window.cpp" />
		<Unit filename="src/window/set_key_repeat.cpp" />
		<Unit filename="src/window/set_mouse_position.cpp" />
		<Unit filename="src/window/set_mouse_visibility.cpp" />
		<Unit filename="src/window/start.cpp" />
		<Unit filename="src/window/stop.cpp" />
		<Extensions>
			<code_completion />
			<envvars />
			<debugger />
			<lib_finder disable_auto="1" />
		</Extensions>
	</Project>
</CodeBlocks_project_file>
